
Microsoft Visual Studio Solution File, Format Version 12.00
# Visual Studio 15
VisualStudioVersion = 15.0.28307.329
MinimumVisualStudioVersion = 10.0.40219.1
Project("{FAE04EC0-301F-11D3-BF4B-00C04F79EFBC}") = "CallMyPhoneOutlookAddIn", "CallMyPhoneOutlookAddIn\CallMyPhoneOutlookAddIn.csproj", "{414DDDA4-E700-41DE-8CE7-9A9294DBC8C9}"
EndProject
Global
	GlobalSection(SolutionConfigurationPlatforms) = preSolution
		Debug|Any CPU = Debug|Any CPU
		Release|Any CPU = Release|Any CPU
	EndGlobalSection
	GlobalSection(ProjectConfigurationPlatforms) = postSolution
		{414DDDA4-E700-41DE-8CE7-9A9294DBC8C9}.Debug|Any CPU.ActiveCfg = Debug|Any CPU
		{414DDDA4-E700-41DE-8CE7-9A9294DBC8C9}.Debug|Any CPU.Build.0 = Debug|Any CPU
		{414DDDA4-E700-41DE-8CE7-9A9294DBC8C9}.Release|Any CPU.ActiveCfg = Release|Any CPU
		{414DDDA4-E700-41DE-8CE7-9A9294DBC8C9}.Release|Any CPU.Build.0 = Release|Any CPU
	EndGlobalSection
	GlobalSection(SolutionProperties) = preSolution
		HideSolutionNode = FALSE
	EndGlobalSection
	GlobalSection(ExtensibilityGlobals) = postSolution
		SolutionGuid = {CD4E272F-7FC9-429F-9172-C0804968D8D2}
	EndGlobalSection
EndGlobal
